
Microsoft Visual Studio Solution File, Format Version 12.00
# Visual Studio Version 17
VisualStudioVersion = 17.0.31912.275
MinimumVisualStudioVersion = 10.0.40219.1
Project("{FAE04EC0-301F-11D3-BF4B-00C04F79EFBC}") = "Emps.WindowsClient", "Emps.WindowsClient\Emps.WindowsClient.csproj", "{38B1A315-8E3E-48E7-9844-27D008BCA10E}"
EndProject
Global
	GlobalSection(SolutionConfigurationPlatforms) = preSolution
		Debug|Any CPU = Debug|Any CPU
		Release|Any CPU = Release|Any CPU
	EndGlobalSection
	GlobalSection(ProjectConfigurationPlatforms) = postSolution
		{38B1A315-8E3E-48E7-9844-27D008BCA10E}.Debug|Any CPU.ActiveCfg = Debug|Any CPU
		{38B1A315-8E3E-48E7-9844-27D008BCA10E}.Debug|Any CPU.Build.0 = Debug|Any CPU
		{38B1A315-8E3E-48E7-9844-27D008BCA10E}.Release|Any CPU.ActiveCfg = Release|Any CPU
		{38B1A315-8E3E-48E7-9844-27D008BCA10E}.Release|Any CPU.Build.0 = Release|Any CPU
	EndGlobalSection
	GlobalSection(SolutionProperties) = preSolution
		HideSolutionNode = FALSE
	EndGlobalSection
	GlobalSection(ExtensibilityGlobals) = postSolution
		SolutionGuid = {92838064-37C2-4ACB-AEFF-F398584FCF93}
	EndGlobalSection
EndGlobal
